// !$*UTF8*$!
{
	archiveVersion = 1;
	classes = {
	};
	objectVersion = 46;
	objects = {

/* Begin PBXBuildFile section */
		B905E4FC1ACB78F30067240E /* loggin.png in Resources */ = {isa = PBXBuildFile; fileRef = B905E4FB1ACB78F30067240E /* loggin.png */; };
		B905E4FE1ACB7A030067240E /* budget.png in Resources */ = {isa = PBXBuildFile; fileRef = B905E4FD1ACB7A030067240E /* budget.png */; };
		B905E5031ACB7B100067240E /* behavior.png in Resources */ = {isa = PBXBuildFile; fileRef = B905E4FF1ACB7B100067240E /* behavior.png */; };
		B905E5041ACB7B100067240E /* pendientes.png in Resources */ = {isa = PBXBuildFile; fileRef = B905E5001ACB7B100067240E /* pendientes.png */; };
		B905E5051ACB7B100067240E /* places.png in Resources */ = {isa = PBXBuildFile; fileRef = B905E5011ACB7B100067240E /* places.png */; };
		B905E5061ACB7B100067240E /* spends.png in Resources */ = {isa = PBXBuildFile; fileRef = B905E5021ACB7B100067240E /* spends.png */; };
		B905E5081ACB7BBE0067240E /* greencoin.png in Resources */ = {isa = PBXBuildFile; fileRef = B905E5071ACB7BBE0067240E /* greencoin.png */; };
		B905E5101ACB873C0067240E /* Historial.m in Sources */ = {isa = PBXBuildFile; fileRef = B905E50F1ACB873C0067240E /* Historial.m */; };
		B905E5121ACB9AAC0067240E /* add.png in Resources */ = {isa = PBXBuildFile; fileRef = B905E5111ACB9AAC0067240E /* add.png */; };
		B905E5161ACB9DF70067240E /* RegistraLugar.m in Sources */ = {isa = PBXBuildFile; fileRef = B905E5151ACB9DF70067240E /* RegistraLugar.m */; };
		B905E51A1ACBAB900067240E /* EditarGasto.m in Sources */ = {isa = PBXBuildFile; fileRef = B905E5191ACBAB900067240E /* EditarGasto.m */; };
		B905E51E1ACBAD140067240E /* DetalleGasto.m in Sources */ = {isa = PBXBuildFile; fileRef = B905E51D1ACBAD140067240E /* DetalleGasto.m */; };
		B905E5221ACBB6610067240E /* greenbackground.jpg in Resources */ = {isa = PBXBuildFile; fileRef = B905E5211ACBB6610067240E /* greenbackground.jpg */; };
		B90CAC091ACD9DC400E45127 /* Media.xcassets in Resources */ = {isa = PBXBuildFile; fileRef = B90CAC081ACD9DC400E45127 /* Media.xcassets */; };
		B922C70D1ACCD8A4009B1962 /* close.png in Resources */ = {isa = PBXBuildFile; fileRef = B922C70C1ACCD8A4009B1962 /* close.png */; };
		B922C7141ACCE970009B1962 /* Bolts.framework in Frameworks */ = {isa = PBXBuildFile; fileRef = B922C70E1ACCE970009B1962 /* Bolts.framework */; };
		B922C7151ACCE970009B1962 /* Parse.framework in Frameworks */ = {isa = PBXBuildFile; fileRef = B922C70F1ACCE970009B1962 /* Parse.framework */; };
		B922C7161ACCE970009B1962 /* ParseCrashReporting.framework in Frameworks */ = {isa = PBXBuildFile; fileRef = B922C7101ACCE970009B1962 /* ParseCrashReporting.framework */; };
		B922C7171ACCE970009B1962 /* ParseFacebookUtils.framework in Frameworks */ = {isa = PBXBuildFile; fileRef = B922C7111ACCE970009B1962 /* ParseFacebookUtils.framework */; };
		B922C7181ACCE970009B1962 /* ParseFacebookUtilsV4.framework in Frameworks */ = {isa = PBXBuildFile; fileRef = B922C7121ACCE970009B1962 /* ParseFacebookUtilsV4.framework */; };
		B922C7191ACCE970009B1962 /* ParseUI.framework in Frameworks */ = {isa = PBXBuildFile; fileRef = B922C7131ACCE970009B1962 /* ParseUI.framework */; };
		B922C71B1ACCE9AE009B1962 /* AudioToolbox.framework in Frameworks */ = {isa = PBXBuildFile; fileRef = B922C71A1ACCE9AE009B1962 /* AudioToolbox.framework */; };
		B922C71D1ACCE9C0009B1962 /* CFNetwork.framework in Frameworks */ = {isa = PBXBuildFile; fileRef = B922C71C1ACCE9C0009B1962 /* CFNetwork.framework */; };
		B922C71F1ACCE9CE009B1962 /* CoreGraphics.framework in Frameworks */ = {isa = PBXBuildFile; fileRef = B922C71E1ACCE9CE009B1962 /* CoreGraphics.framework */; };
		B922C7211ACCE9DB009B1962 /* CoreLocation.framework in Frameworks */ = {isa = PBXBuildFile; fileRef = B922C7201ACCE9DB009B1962 /* CoreLocation.framework */; };
		B922C7231ACCE9EA009B1962 /* MobileCoreServices.framework in Frameworks */ = {isa = PBXBuildFile; fileRef = B922C7221ACCE9EA009B1962 /* MobileCoreServices.framework */; };
		B922C7251ACCE9F8009B1962 /* QuartzCore.framework in Frameworks */ = {isa = PBXBuildFile; fileRef = B922C7241ACCE9F8009B1962 /* QuartzCore.framework */; };
		B922C7271ACCEA0B009B1962 /* Security.framework in Frameworks */ = {isa = PBXBuildFile; fileRef = B922C7261ACCEA0B009B1962 /* Security.framework */; };
		B922C7291ACCEA17009B1962 /* StoreKit.framework in Frameworks */ = {isa = PBXBuildFile; fileRef = B922C7281ACCEA17009B1962 /* StoreKit.framework */; };
		B922C72B1ACCEA24009B1962 /* SystemConfiguration.framework in Frameworks */ = {isa = PBXBuildFile; fileRef = B922C72A1ACCEA24009B1962 /* SystemConfiguration.framework */; };
		B922C72D1ACCEA3A009B1962 /* libz.dylib in Frameworks */ = {isa = PBXBuildFile; fileRef = B922C72C1ACCEA3A009B1962 /* libz.dylib */; };
		B922C72F1ACCEA46009B1962 /* libsqlite3.dylib in Frameworks */ = {isa = PBXBuildFile; fileRef = B922C72E1ACCEA46009B1962 /* libsqlite3.dylib */; };
		B922C7331ACD0FB4009B1962 /* celdaMaster.m in Sources */ = {isa = PBXBuildFile; fileRef = B922C7321ACD0FB4009B1962 /* celdaMaster.m */; };
		B998BE651AC8CC63000CD1C6 /* FBSDKCoreKit.framework in Frameworks */ = {isa = PBXBuildFile; fileRef = B998BE631AC8CC63000CD1C6 /* FBSDKCoreKit.framework */; };
		B998BE661AC8CC63000CD1C6 /* FBSDKLoginKit.framework in Frameworks */ = {isa = PBXBuildFile; fileRef = B998BE641AC8CC63000CD1C6 /* FBSDKLoginKit.framework */; };
		B998BE691AC8D4D0000CD1C6 /* Presupuesto.m in Sources */ = {isa = PBXBuildFile; fileRef = B998BE681AC8D4D0000CD1C6 /* Presupuesto.m */; };
		B998BE701AC8E331000CD1C6 /* MenuViewController.m in Sources */ = {isa = PBXBuildFile; fileRef = B998BE6F1AC8E331000CD1C6 /* MenuViewController.m */; };
		B998BE741AC8E488000CD1C6 /* Comportamiento.m in Sources */ = {isa = PBXBuildFile; fileRef = B998BE731AC8E488000CD1C6 /* Comportamiento.m */; };
		B99F17E21AC8C21500AD0B2A /* main.m in Sources */ = {isa = PBXBuildFile; fileRef = B99F17E11AC8C21500AD0B2A /* main.m */; };
		B99F17E51AC8C21500AD0B2A /* AppDelegate.m in Sources */ = {isa = PBXBuildFile; fileRef = B99F17E41AC8C21500AD0B2A /* AppDelegate.m */; };
		B99F17E81AC8C21500AD0B2A /* Login.m in Sources */ = {isa = PBXBuildFile; fileRef = B99F17E71AC8C21500AD0B2A /* Login.m */; };
		B99F17EB1AC8C21500AD0B2A /* Main.storyboard in Resources */ = {isa = PBXBuildFile; fileRef = B99F17E91AC8C21500AD0B2A /* Main.storyboard */; };
		B99F17ED1AC8C21500AD0B2A /* Images.xcassets in Resources */ = {isa = PBXBuildFile; fileRef = B99F17EC1AC8C21500AD0B2A /* Images.xcassets */; };
		B99F17F01AC8C21500AD0B2A /* LaunchScreen.xib in Resources */ = {isa = PBXBuildFile; fileRef = B99F17EE1AC8C21500AD0B2A /* LaunchScreen.xib */; };
		B99F17FC1AC8C21500AD0B2A /* SmartBuyerTests.m in Sources */ = {isa = PBXBuildFile; fileRef = B99F17FB1AC8C21500AD0B2A /* SmartBuyerTests.m */; };
		B99F18081AC8C3B700AD0B2A /* SWRevealViewController.m in Sources */ = {isa = PBXBuildFile; fileRef = B99F18071AC8C3B700AD0B2A /* SWRevealViewController.m */; };
		B99F180F1AC8C45F00AD0B2A /* coin.png in Resources */ = {isa = PBXBuildFile; fileRef = B99F180A1AC8C45F00AD0B2A /* coin.png */; };
		B99F18101AC8C45F00AD0B2A /* launch.jpg in Resources */ = {isa = PBXBuildFile; fileRef = B99F180B1AC8C45F00AD0B2A /* launch.jpg */; };
		B99F18111AC8C45F00AD0B2A /* piechart.png in Resources */ = {isa = PBXBuildFile; fileRef = B99F180C1AC8C45F00AD0B2A /* piechart.png */; };
		B99F18121AC8C45F00AD0B2A /* presupuesto.jpg in Resources */ = {isa = PBXBuildFile; fileRef = B99F180D1AC8C45F00AD0B2A /* presupuesto.jpg */; };
		B99F18131AC8C45F00AD0B2A /* sesionfacebook.png in Resources */ = {isa = PBXBuildFile; fileRef = B99F180E1AC8C45F00AD0B2A /* sesionfacebook.png */; };
		B9D8AFBE1ACA3A32005AEF76 /* menuicon.png in Resources */ = {isa = PBXBuildFile; fileRef = B9D8AFBD1ACA3A32005AEF76 /* menuicon.png */; };
		B9D8AFC21ACA3F7E005AEF76 /* Pendientes.m in Sources */ = {isa = PBXBuildFile; fileRef = B9D8AFC11ACA3F7E005AEF76 /* Pendientes.m */; };
		B9D8AFCA1ACA5124005AEF76 /* Registrar.m in Sources */ = {isa = PBXBuildFile; fileRef = B9D8AFC91ACA5124005AEF76 /* Registrar.m */; };
		B9D8AFCD1ACA60B3005AEF76 /* Lugares.m in Sources */ = {isa = PBXBuildFile; fileRef = B9D8AFCC1ACA60B3005AEF76 /* Lugares.m */; };
		B9D9981A1ACDAE9B00C9FB38 /* logo.png in Resources */ = {isa = PBXBuildFile; fileRef = B9D998191ACDAE9B00C9FB38 /* logo.png */; };
		B9D9981C1ACDB1AE00C9FB38 /* appicon.png in Resources */ = {isa = PBXBuildFile; fileRef = B9D9981B1ACDB1AE00C9FB38 /* appicon.png */; };
		B9D9981F1ACDFF8C00C9FB38 /* celdaLugar.m in Sources */ = {isa = PBXBuildFile; fileRef = B9D9981E1ACDFF8C00C9FB38 /* celdaLugar.m */; };
		B9D998221ACE15E900C9FB38 /* pendienteCell.m in Sources */ = {isa = PBXBuildFile; fileRef = B9D998211ACE15E900C9FB38 /* pendienteCell.m */; };
/* End PBXBuildFile section */

/* Begin PBXContainerItemProxy section */
		B99F17F61AC8C21500AD0B2A /* PBXContainerItemProxy */ = {
			isa = PBXContainerItemProxy;
			containerPortal = B99F17D41AC8C21500AD0B2A /* Project object */;
			proxyType = 1;
			remoteGlobalIDString = B99F17DB1AC8C21500AD0B2A;
			remoteInfo = SmartBuyer;
		};
/* End PBXContainerItemProxy section */

/* Begin PBXFileReference section */
		B905E4FB1ACB78F30067240E /* loggin.png */ = {isa = PBXFileReference; lastKnownFileType = image.png; path = loggin.png; sourceTree = "<group>"; };
		B905E4FD1ACB7A030067240E /* budget.png */ = {isa = PBXFileReference; lastKnownFileType = image.png; path = budget.png; sourceTree = "<group>"; };
		B905E4FF1ACB7B100067240E /* behavior.png */ = {isa = PBXFileReference; lastKnownFileType = image.png; path = behavior.png; sourceTree = "<group>"; };
		B905E5001ACB7B100067240E /* pendientes.png */ = {isa = PBXFileReference; lastKnownFileType = image.png; path = pendientes.png; sourceTree = "<group>"; };
		B905E5011ACB7B100067240E /* places.png */ = {isa = PBXFileReference; lastKnownFileType = image.png; path = places.png; sourceTree = "<group>"; };
		B905E5021ACB7B100067240E /* spends.png */ = {isa = PBXFileReference; lastKnownFileType = image.png; path = spends.png; sourceTree = "<group>"; };
		B905E5071ACB7BBE0067240E /* greencoin.png */ = {isa = PBXFileReference; lastKnownFileType = image.png; path = greencoin.png; sourceTree = "<group>"; };
		B905E50E1ACB873C0067240E /* Historial.h */ = {isa = PBXFileReference; fileEncoding = 4; lastKnownFileType = sourcecode.c.h; path = Historial.h; sourceTree = "<group>"; };
		B905E50F1ACB873C0067240E /* Historial.m */ = {isa = PBXFileReference; fileEncoding = 4; lastKnownFileType = sourcecode.c.objc; path = Historial.m; sourceTree = "<group>"; };
		B905E5111ACB9AAC0067240E /* add.png */ = {isa = PBXFileReference; lastKnownFileType = image.png; path = add.png; sourceTree = "<group>"; };
		B905E5141ACB9DF70067240E /* RegistraLugar.h */ = {isa = PBXFileReference; fileEncoding = 4; lastKnownFileType = sourcecode.c.h; path = RegistraLugar.h; sourceTree = "<group>"; };
		B905E5151ACB9DF70067240E /* RegistraLugar.m */ = {isa = PBXFileReference; fileEncoding = 4; lastKnownFileType = sourcecode.c.objc; path = RegistraLugar.m; sourceTree = "<group>"; };
		B905E5181ACBAB900067240E /* EditarGasto.h */ = {isa = PBXFileReference; fileEncoding = 4; lastKnownFileType = sourcecode.c.h; path = EditarGasto.h; sourceTree = "<group>"; };
		B905E5191ACBAB900067240E /* EditarGasto.m */ = {isa = PBXFileReference; fileEncoding = 4; lastKnownFileType = sourcecode.c.objc; path = EditarGasto.m; sourceTree = "<group>"; };
		B905E51C1ACBAD140067240E /* DetalleGasto.h */ = {isa = PBXFileReference; fileEncoding = 4; lastKnownFileType = sourcecode.c.h; path = DetalleGasto.h; sourceTree = "<group>"; };
		B905E51D1ACBAD140067240E /* DetalleGasto.m */ = {isa = PBXFileReference; fileEncoding = 4; lastKnownFileType = sourcecode.c.objc; path = DetalleGasto.m; sourceTree = "<group>"; };
		B905E5211ACBB6610067240E /* greenbackground.jpg */ = {isa = PBXFileReference; lastKnownFileType = image.jpeg; path = greenbackground.jpg; sourceTree = "<group>"; };
		B90CAC081ACD9DC400E45127 /* Media.xcassets */ = {isa = PBXFileReference; lastKnownFileType = folder.assetcatalog; path = Media.xcassets; sourceTree = "<group>"; };
		B922C70C1ACCD8A4009B1962 /* close.png */ = {isa = PBXFileReference; lastKnownFileType = image.png; path = close.png; sourceTree = "<group>"; };
		B922C70E1ACCE970009B1962 /* Bolts.framework */ = {isa = PBXFileReference; lastKnownFileType = wrapper.framework; path = Bolts.framework; sourceTree = "<group>"; };
		B922C70F1ACCE970009B1962 /* Parse.framework */ = {isa = PBXFileReference; lastKnownFileType = wrapper.framework; path = Parse.framework; sourceTree = "<group>"; };
		B922C7101ACCE970009B1962 /* ParseCrashReporting.framework */ = {isa = PBXFileReference; lastKnownFileType = wrapper.framework; path = ParseCrashReporting.framework; sourceTree = "<group>"; };
		B922C7111ACCE970009B1962 /* ParseFacebookUtils.framework */ = {isa = PBXFileReference; lastKnownFileType = wrapper.framework; path = ParseFacebookUtils.framework; sourceTree = "<group>"; };
		B922C7121ACCE970009B1962 /* ParseFacebookUtilsV4.framework */ = {isa = PBXFileReference; lastKnownFileType = wrapper.framework; path = ParseFacebookUtilsV4.framework; sourceTree = "<group>"; };
		B922C7131ACCE970009B1962 /* ParseUI.framework */ = {isa = PBXFileReference; lastKnownFileType = wrapper.framework; path = ParseUI.framework; sourceTree = "<group>"; };
		B922C71A1ACCE9AE009B1962 /* AudioToolbox.framework */ = {isa = PBXFileReference; lastKnownFileType = wrapper.framework; name = AudioToolbox.framework; path = System/Library/Frameworks/AudioToolbox.framework; sourceTree = SDKROOT; };
		B922C71C1ACCE9C0009B1962 /* CFNetwork.framework */ = {isa = PBXFileReference; lastKnownFileType = wrapper.framework; name = CFNetwork.framework; path = System/Library/Frameworks/CFNetwork.framework; sourceTree = SDKROOT; };
		B922C71E1ACCE9CE009B1962 /* CoreGraphics.framework */ = {isa = PBXFileReference; lastKnownFileType = wrapper.framework; name = CoreGraphics.framework; path = System/Library/Frameworks/CoreGraphics.framework; sourceTree = SDKROOT; };
		B922C7201ACCE9DB009B1962 /* CoreLocation.framework */ = {isa = PBXFileReference; lastKnownFileType = wrapper.framework; name = CoreLocation.framework; path = System/Library/Frameworks/CoreLocation.framework; sourceTree = SDKROOT; };
		B922C7221ACCE9EA009B1962 /* MobileCoreServices.framework */ = {isa = PBXFileReference; lastKnownFileType = wrapper.framework; name = MobileCoreServices.framework; path = System/Library/Frameworks/MobileCoreServices.framework; sourceTree = SDKROOT; };
		B922C7241ACCE9F8009B1962 /* QuartzCore.framework */ = {isa = PBXFileReference; lastKnownFileType = wrapper.framework; name = QuartzCore.framework; path = System/Library/Frameworks/QuartzCore.framework; sourceTree = SDKROOT; };
		B922C7261ACCEA0B009B1962 /* Security.framework */ = {isa = PBXFileReference; lastKnownFileType = wrapper.framework; name = Security.framework; path = System/Library/Frameworks/Security.framework; sourceTree = SDKROOT; };
		B922C7281ACCEA17009B1962 /* StoreKit.framework */ = {isa = PBXFileReference; lastKnownFileType = wrapper.framework; name = StoreKit.framework; path = System/Library/Frameworks/StoreKit.framework; sourceTree = SDKROOT; };
		B922C72A1ACCEA24009B1962 /* SystemConfiguration.framework */ = {isa = PBXFileReference; lastKnownFileType = wrapper.framework; name = SystemConfiguration.framework; path = System/Library/Frameworks/SystemConfiguration.framework; sourceTree = SDKROOT; };
		B922C72C1ACCEA3A009B1962 /* libz.dylib */ = {isa = PBXFileReference; lastKnownFileType = "compiled.mach-o.dylib"; name = libz.dylib; path = usr/lib/libz.dylib; sourceTree = SDKROOT; };
		B922C72E1ACCEA46009B1962 /* libsqlite3.dylib */ = {isa = PBXFileReference; lastKnownFileType = "compiled.mach-o.dylib"; name = libsqlite3.dylib; path = usr/lib/libsqlite3.dylib; sourceTree = SDKROOT; };
		B922C7311ACD0FB4009B1962 /* celdaMaster.h */ = {isa = PBXFileReference; fileEncoding = 4; lastKnownFileType = sourcecode.c.h; path = celdaMaster.h; sourceTree = "<group>"; };
		B922C7321ACD0FB4009B1962 /* celdaMaster.m */ = {isa = PBXFileReference; fileEncoding = 4; lastKnownFileType = sourcecode.c.objc; path = celdaMaster.m; sourceTree = "<group>"; };
		B998BE631AC8CC63000CD1C6 /* FBSDKCoreKit.framework */ = {isa = PBXFileReference; lastKnownFileType = wrapper.framework; path = FBSDKCoreKit.framework; sourceTree = "<group>"; };
		B998BE641AC8CC63000CD1C6 /* FBSDKLoginKit.framework */ = {isa = PBXFileReference; lastKnownFileType = wrapper.framework; path = FBSDKLoginKit.framework; sourceTree = "<group>"; };
		B998BE671AC8D4D0000CD1C6 /* Presupuesto.h */ = {isa = PBXFileReference; fileEncoding = 4; lastKnownFileType = sourcecode.c.h; path = Presupuesto.h; sourceTree = "<group>"; };
		B998BE681AC8D4D0000CD1C6 /* Presupuesto.m */ = {isa = PBXFileReference; fileEncoding = 4; lastKnownFileType = sourcecode.c.objc; path = Presupuesto.m; sourceTree = "<group>"; };
		B998BE6E1AC8E331000CD1C6 /* MenuViewController.h */ = {isa = PBXFileReference; fileEncoding = 4; lastKnownFileType = sourcecode.c.h; path = MenuViewController.h; sourceTree = "<group>"; };
		B998BE6F1AC8E331000CD1C6 /* MenuViewController.m */ = {isa = PBXFileReference; fileEncoding = 4; lastKnownFileType = sourcecode.c.objc; path = MenuViewController.m; sourceTree = "<group>"; };
		B998BE721AC8E488000CD1C6 /* Comportamiento.h */ = {isa = PBXFileReference; fileEncoding = 4; lastKnownFileType = sourcecode.c.h; path = Comportamiento.h; sourceTree = "<group>"; };
		B998BE731AC8E488000CD1C6 /* Comportamiento.m */ = {isa = PBXFileReference; fileEncoding = 4; lastKnownFileType = sourcecode.c.objc; path = Comportamiento.m; sourceTree = "<group>"; };
		B99F17DC1AC8C21500AD0B2A /* SmartBuyer.app */ = {isa = PBXFileReference; explicitFileType = wrapper.application; includeInIndex = 0; path = SmartBuyer.app; sourceTree = BUILT_PRODUCTS_DIR; };
		B99F17E01AC8C21500AD0B2A /* Info.plist */ = {isa = PBXFileReference; lastKnownFileType = text.plist.xml; path = Info.plist; sourceTree = "<group>"; };
		B99F17E11AC8C21500AD0B2A /* main.m */ = {isa = PBXFileReference; lastKnownFileType = sourcecode.c.objc; path = main.m; sourceTree = "<group>"; };
		B99F17E31AC8C21500AD0B2A /* AppDelegate.h */ = {isa = PBXFileReference; lastKnownFileType = sourcecode.c.h; path = AppDelegate.h; sourceTree = "<group>"; };
		B99F17E41AC8C21500AD0B2A /* AppDelegate.m */ = {isa = PBXFileReference; lastKnownFileType = sourcecode.c.objc; path = AppDelegate.m; sourceTree = "<group>"; };
		B99F17E61AC8C21500AD0B2A /* Login.h */ = {isa = PBXFileReference; lastKnownFileType = sourcecode.c.h; path = Login.h; sourceTree = "<group>"; };
		B99F17E71AC8C21500AD0B2A /* Login.m */ = {isa = PBXFileReference; lastKnownFileType = sourcecode.c.objc; path = Login.m; sourceTree = "<group>"; };
		B99F17EA1AC8C21500AD0B2A /* Base */ = {isa = PBXFileReference; lastKnownFileType = file.storyboard; name = Base; path = Base.lproj/Main.storyboard; sourceTree = "<group>"; };
		B99F17EC1AC8C21500AD0B2A /* Images.xcassets */ = {isa = PBXFileReference; lastKnownFileType = folder.assetcatalog; path = Images.xcassets; sourceTree = "<group>"; };
		B99F17EF1AC8C21500AD0B2A /* Base */ = {isa = PBXFileReference; lastKnownFileType = file.xib; name = Base; path = Base.lproj/LaunchScreen.xib; sourceTree = "<group>"; };
		B99F17F51AC8C21500AD0B2A /* SmartBuyerTests.xctest */ = {isa = PBXFileReference; explicitFileType = wrapper.cfbundle; includeInIndex = 0; path = SmartBuyerTests.xctest; sourceTree = BUILT_PRODUCTS_DIR; };
		B99F17FA1AC8C21500AD0B2A /* Info.plist */ = {isa = PBXFileReference; lastKnownFileType = text.plist.xml; path = Info.plist; sourceTree = "<group>"; };
		B99F17FB1AC8C21500AD0B2A /* SmartBuyerTests.m */ = {isa = PBXFileReference; lastKnownFileType = sourcecode.c.objc; path = SmartBuyerTests.m; sourceTree = "<group>"; };
		B99F18061AC8C3B700AD0B2A /* SWRevealViewController.h */ = {isa = PBXFileReference; fileEncoding = 4; lastKnownFileType = sourcecode.c.h; path = SWRevealViewController.h; sourceTree = "<group>"; };
		B99F18071AC8C3B700AD0B2A /* SWRevealViewController.m */ = {isa = PBXFileReference; fileEncoding = 4; lastKnownFileType = sourcecode.c.objc; path = SWRevealViewController.m; sourceTree = "<group>"; };
		B99F180A1AC8C45F00AD0B2A /* coin.png */ = {isa = PBXFileReference; lastKnownFileType = image.png; path = coin.png; sourceTree = "<group>"; };
		B99F180B1AC8C45F00AD0B2A /* launch.jpg */ = {isa = PBXFileReference; lastKnownFileType = image.jpeg; path = launch.jpg; sourceTree = "<group>"; };
		B99F180C1AC8C45F00AD0B2A /* piechart.png */ = {isa = PBXFileReference; lastKnownFileType = image.png; path = piechart.png; sourceTree = "<group>"; };
		B99F180D1AC8C45F00AD0B2A /* presupuesto.jpg */ = {isa = PBXFileReference; lastKnownFileType = image.jpeg; path = presupuesto.jpg; sourceTree = "<group>"; };
		B99F180E1AC8C45F00AD0B2A /* sesionfacebook.png */ = {isa = PBXFileReference; lastKnownFileType = image.png; path = sesionfacebook.png; sourceTree = "<group>"; };
		B9D8AFBD1ACA3A32005AEF76 /* menuicon.png */ = {isa = PBXFileReference; lastKnownFileType = image.png; path = menuicon.png; sourceTree = "<group>"; };
		B9D8AFC01ACA3F7E005AEF76 /* Pendientes.h */ = {isa = PBXFileReference; fileEncoding = 4; lastKnownFileType = sourcecode.c.h; path = Pendientes.h; sourceTree = "<group>"; };
		B9D8AFC11ACA3F7E005AEF76 /* Pendientes.m */ = {isa = PBXFileReference; fileEncoding = 4; lastKnownFileType = sourcecode.c.objc; path = Pendientes.m; sourceTree = "<group>"; };
		B9D8AFC81ACA5124005AEF76 /* Registrar.h */ = {isa = PBXFileReference; fileEncoding = 4; lastKnownFileType = sourcecode.c.h; path = Registrar.h; sourceTree = "<group>"; };
		B9D8AFC91ACA5124005AEF76 /* Registrar.m */ = {isa = PBXFileReference; fileEncoding = 4; lastKnownFileType = sourcecode.c.objc; path = Registrar.m; sourceTree = "<group>"; };
		B9D8AFCB1ACA60B3005AEF76 /* Lugares.h */ = {isa = PBXFileReference; fileEncoding = 4; lastKnownFileType = sourcecode.c.h; path = Lugares.h; sourceTree = "<group>"; };
		B9D8AFCC1ACA60B3005AEF76 /* Lugares.m */ = {isa = PBXFileReference; fileEncoding = 4; lastKnownFileType = sourcecode.c.objc; path = Lugares.m; sourceTree = "<group>"; };
		B9D998191ACDAE9B00C9FB38 /* logo.png */ = {isa = PBXFileReference; lastKnownFileType = image.png; path = logo.png; sourceTree = "<group>"; };
		B9D9981B1ACDB1AE00C9FB38 /* appicon.png */ = {isa = PBXFileReference; lastKnownFileType = image.png; path = appicon.png; sourceTree = "<group>"; };
		B9D9981D1ACDFF8C00C9FB38 /* celdaLugar.h */ = {isa = PBXFileReference; fileEncoding = 4; lastKnownFileType = sourcecode.c.h; path = celdaLugar.h; sourceTree = "<group>"; };
		B9D9981E1ACDFF8C00C9FB38 /* celdaLugar.m */ = {isa = PBXFileReference; fileEncoding = 4; lastKnownFileType = sourcecode.c.objc; path = celdaLugar.m; sourceTree = "<group>"; };
		B9D998201ACE15E900C9FB38 /* pendienteCell.h */ = {isa = PBXFileReference; fileEncoding = 4; lastKnownFileType = sourcecode.c.h; path = pendienteCell.h; sourceTree = "<group>"; };
		B9D998211ACE15E900C9FB38 /* pendienteCell.m */ = {isa = PBXFileReference; fileEncoding = 4; lastKnownFileType = sourcecode.c.objc; path = pendienteCell.m; sourceTree = "<group>"; };
/* End PBXFileReference section */

/* Begin PBXFrameworksBuildPhase section */
		B99F17D91AC8C21500AD0B2A /* Frameworks */ = {
			isa = PBXFrameworksBuildPhase;
			buildActionMask = 2147483647;
			files = (
				B922C72F1ACCEA46009B1962 /* libsqlite3.dylib in Frameworks */,
				B922C72D1ACCEA3A009B1962 /* libz.dylib in Frameworks */,
				B922C72B1ACCEA24009B1962 /* SystemConfiguration.framework in Frameworks */,
				B922C7291ACCEA17009B1962 /* StoreKit.framework in Frameworks */,
				B922C7271ACCEA0B009B1962 /* Security.framework in Frameworks */,
				B922C7251ACCE9F8009B1962 /* QuartzCore.framework in Frameworks */,
				B922C7231ACCE9EA009B1962 /* MobileCoreServices.framework in Frameworks */,
				B922C7211ACCE9DB009B1962 /* CoreLocation.framework in Frameworks */,
				B922C71F1ACCE9CE009B1962 /* CoreGraphics.framework in Frameworks */,
				B922C71D1ACCE9C0009B1962 /* CFNetwork.framework in Frameworks */,
				B922C71B1ACCE9AE009B1962 /* AudioToolbox.framework in Frameworks */,
				B922C7141ACCE970009B1962 /* Bolts.framework in Frameworks */,
				B922C7161ACCE970009B1962 /* ParseCrashReporting.framework in Frameworks */,
				B922C7181ACCE970009B1962 /* ParseFacebookUtilsV4.framework in Frameworks */,
				B922C7171ACCE970009B1962 /* ParseFacebookUtils.framework in Frameworks */,
				B998BE661AC8CC63000CD1C6 /* FBSDKLoginKit.framework in Frameworks */,
				B922C7151ACCE970009B1962 /* Parse.framework in Frameworks */,
				B922C7191ACCE970009B1962 /* ParseUI.framework in Frameworks */,
				B998BE651AC8CC63000CD1C6 /* FBSDKCoreKit.framework in Frameworks */,
			);
			runOnlyForDeploymentPostprocessing = 0;
		};
		B99F17F21AC8C21500AD0B2A /* Frameworks */ = {
			isa = PBXFrameworksBuildPhase;
			buildActionMask = 2147483647;
			files = (
			);
			runOnlyForDeploymentPostprocessing = 0;
		};
/* End PBXFrameworksBuildPhase section */

/* Begin PBXGroup section */
		B905E50D1ACB87240067240E /* Historial */ = {
			isa = PBXGroup;
			children = (
				B905E50E1ACB873C0067240E /* Historial.h */,
				B905E50F1ACB873C0067240E /* Historial.m */,
			);
			name = Historial;
			sourceTree = "<group>";
		};
		B905E5131ACB9C5C0067240E /* RegistraLugar */ = {
			isa = PBXGroup;
			children = (
				B905E5141ACB9DF70067240E /* RegistraLugar.h */,
				B905E5151ACB9DF70067240E /* RegistraLugar.m */,
			);
			name = RegistraLugar;
			sourceTree = "<group>";
		};
		B905E5171ACBAB760067240E /* EditarGasto */ = {
			isa = PBXGroup;
			children = (
				B905E5181ACBAB900067240E /* EditarGasto.h */,
				B905E5191ACBAB900067240E /* EditarGasto.m */,
			);
			name = EditarGasto;
			sourceTree = "<group>";
		};
		B905E51B1ACBACFE0067240E /* DetalleGasto */ = {
			isa = PBXGroup;
			children = (
				B905E51C1ACBAD140067240E /* DetalleGasto.h */,
				B905E51D1ACBAD140067240E /* DetalleGasto.m */,
			);
			name = DetalleGasto;
			sourceTree = "<group>";
		};
		B922C7301ACD0F7B009B1962 /* Celdas */ = {
			isa = PBXGroup;
			children = (
				B922C7311ACD0FB4009B1962 /* celdaMaster.h */,
				B922C7321ACD0FB4009B1962 /* celdaMaster.m */,
			);
			name = Celdas;
			sourceTree = "<group>";
		};
		B998BE621AC8CC39000CD1C6 /* Frameworks */ = {
			isa = PBXGroup;
			children = (
				B922C72E1ACCEA46009B1962 /* libsqlite3.dylib */,
				B922C72C1ACCEA3A009B1962 /* libz.dylib */,
				B922C72A1ACCEA24009B1962 /* SystemConfiguration.framework */,
				B922C7281ACCEA17009B1962 /* StoreKit.framework */,
				B922C7261ACCEA0B009B1962 /* Security.framework */,
				B922C7241ACCE9F8009B1962 /* QuartzCore.framework */,
				B922C7221ACCE9EA009B1962 /* MobileCoreServices.framework */,
				B922C7201ACCE9DB009B1962 /* CoreLocation.framework */,
				B922C71E1ACCE9CE009B1962 /* CoreGraphics.framework */,
				B922C71C1ACCE9C0009B1962 /* CFNetwork.framework */,
				B922C71A1ACCE9AE009B1962 /* AudioToolbox.framework */,
				B922C70E1ACCE970009B1962 /* Bolts.framework */,
				B922C70F1ACCE970009B1962 /* Parse.framework */,
				B922C7101ACCE970009B1962 /* ParseCrashReporting.framework */,
				B922C7111ACCE970009B1962 /* ParseFacebookUtils.framework */,
				B922C7121ACCE970009B1962 /* ParseFacebookUtilsV4.framework */,
				B922C7131ACCE970009B1962 /* ParseUI.framework */,
				B998BE631AC8CC63000CD1C6 /* FBSDKCoreKit.framework */,
				B998BE641AC8CC63000CD1C6 /* FBSDKLoginKit.framework */,
			);
			name = Frameworks;
			sourceTree = "<group>";
		};
		B998BE6A1AC8E2C5000CD1C6 /* Menu */ = {
			isa = PBXGroup;
			children = (
				B998BE6E1AC8E331000CD1C6 /* MenuViewController.h */,
				B998BE6F1AC8E331000CD1C6 /* MenuViewController.m */,
			);
			name = Menu;
			sourceTree = "<group>";
		};
		B998BE711AC8E44A000CD1C6 /* Comportamiento */ = {
			isa = PBXGroup;
			children = (
				B998BE721AC8E488000CD1C6 /* Comportamiento.h */,
				B998BE731AC8E488000CD1C6 /* Comportamiento.m */,
			);
			name = Comportamiento;
			sourceTree = "<group>";
		};
		B998BE7B1AC8ED5E000CD1C6 /* Presupuesto */ = {
			isa = PBXGroup;
			children = (
				B998BE671AC8D4D0000CD1C6 /* Presupuesto.h */,
				B998BE681AC8D4D0000CD1C6 /* Presupuesto.m */,
			);
			name = Presupuesto;
			sourceTree = "<group>";
		};
		B99F17D31AC8C21500AD0B2A = {
			isa = PBXGroup;
			children = (
				B90CAC081ACD9DC400E45127 /* Media.xcassets */,
				B99F17DE1AC8C21500AD0B2A /* SmartBuyer */,
				B99F17F81AC8C21500AD0B2A /* SmartBuyerTests */,
				B99F17DD1AC8C21500AD0B2A /* Products */,
			);
			sourceTree = "<group>";
		};
		B99F17DD1AC8C21500AD0B2A /* Products */ = {
			isa = PBXGroup;
			children = (
				B99F17DC1AC8C21500AD0B2A /* SmartBuyer.app */,
				B99F17F51AC8C21500AD0B2A /* SmartBuyerTests.xctest */,
			);
			name = Products;
			sourceTree = "<group>";
		};
		B99F17DE1AC8C21500AD0B2A /* SmartBuyer */ = {
			isa = PBXGroup;
			children = (
				B922C7301ACD0F7B009B1962 /* Celdas */,
				B905E51B1ACBACFE0067240E /* DetalleGasto */,
				B905E5171ACBAB760067240E /* EditarGasto */,
				B905E5131ACB9C5C0067240E /* RegistraLugar */,
				B905E50D1ACB87240067240E /* Historial */,
				B9D8AFBA1ACA35D4005AEF76 /* Loggin */,
				B998BE7B1AC8ED5E000CD1C6 /* Presupuesto */,
				B9D8AFC71ACA5108005AEF76 /* Registrar */,
				B9D8AFC31ACA4C34005AEF76 /* Lugares */,
				B998BE711AC8E44A000CD1C6 /* Comportamiento */,
				B9D8AFBF1ACA3F2C005AEF76 /* Pendientes */,
				B998BE6A1AC8E2C5000CD1C6 /* Menu */,
				B998BE621AC8CC39000CD1C6 /* Frameworks */,
				B99F18091AC8C45F00AD0B2A /* Media */,
				B99F18051AC8C3B600AD0B2A /* SWRevealViewController */,
				B99F17E31AC8C21500AD0B2A /* AppDelegate.h */,
				B99F17E41AC8C21500AD0B2A /* AppDelegate.m */,
				B99F17E91AC8C21500AD0B2A /* Main.storyboard */,
				B99F17EC1AC8C21500AD0B2A /* Images.xcassets */,
				B99F17EE1AC8C21500AD0B2A /* LaunchScreen.xib */,
				B99F17DF1AC8C21500AD0B2A /* Supporting Files */,
			);
			path = SmartBuyer;
			sourceTree = "<group>";
		};
		B99F17DF1AC8C21500AD0B2A /* Supporting Files */ = {
			isa = PBXGroup;
			children = (
				B99F17E01AC8C21500AD0B2A /* Info.plist */,
				B99F17E11AC8C21500AD0B2A /* main.m */,
			);
			name = "Supporting Files";
			sourceTree = "<group>";
		};
		B99F17F81AC8C21500AD0B2A /* SmartBuyerTests */ = {
			isa = PBXGroup;
			children = (
				B99F17FB1AC8C21500AD0B2A /* SmartBuyerTests.m */,
				B99F17F91AC8C21500AD0B2A /* Supporting Files */,
			);
			path = SmartBuyerTests;
			sourceTree = "<group>";
		};
		B99F17F91AC8C21500AD0B2A /* Supporting Files */ = {
			isa = PBXGroup;
			children = (
				B99F17FA1AC8C21500AD0B2A /* Info.plist */,
			);
			name = "Supporting Files";
			sourceTree = "<group>";
		};
		B99F18051AC8C3B600AD0B2A /* SWRevealViewController */ = {
			isa = PBXGroup;
			children = (
				B99F18061AC8C3B700AD0B2A /* SWRevealViewController.h */,
				B99F18071AC8C3B700AD0B2A /* SWRevealViewController.m */,
			);
			path = SWRevealViewController;
			sourceTree = "<group>";
		};
		B99F18091AC8C45F00AD0B2A /* Media */ = {
			isa = PBXGroup;
			children = (
				B9D9981B1ACDB1AE00C9FB38 /* appicon.png */,
				B9D998191ACDAE9B00C9FB38 /* logo.png */,
				B922C70C1ACCD8A4009B1962 /* close.png */,
				B905E5211ACBB6610067240E /* greenbackground.jpg */,
				B905E5111ACB9AAC0067240E /* add.png */,
				B905E5071ACB7BBE0067240E /* greencoin.png */,
				B905E4FF1ACB7B100067240E /* behavior.png */,
				B905E5001ACB7B100067240E /* pendientes.png */,
				B905E5011ACB7B100067240E /* places.png */,
				B905E5021ACB7B100067240E /* spends.png */,
				B905E4FD1ACB7A030067240E /* budget.png */,
				B905E4FB1ACB78F30067240E /* loggin.png */,
				B9D8AFBD1ACA3A32005AEF76 /* menuicon.png */,
				B99F180A1AC8C45F00AD0B2A /* coin.png */,
				B99F180B1AC8C45F00AD0B2A /* launch.jpg */,
				B99F180C1AC8C45F00AD0B2A /* piechart.png */,
				B99F180D1AC8C45F00AD0B2A /* presupuesto.jpg */,
				B99F180E1AC8C45F00AD0B2A /* sesionfacebook.png */,
			);
			path = Media;
			sourceTree = "<group>";
		};
		B9D8AFBA1ACA35D4005AEF76 /* Loggin */ = {
			isa = PBXGroup;
			children = (
				B99F17E61AC8C21500AD0B2A /* Login.h */,
				B99F17E71AC8C21500AD0B2A /* Login.m */,
			);
			name = Loggin;
			sourceTree = "<group>";
		};
		B9D8AFBF1ACA3F2C005AEF76 /* Pendientes */ = {
			isa = PBXGroup;
			children = (
				B9D8AFC01ACA3F7E005AEF76 /* Pendientes.h */,
				B9D8AFC11ACA3F7E005AEF76 /* Pendientes.m */,
				B9D998201ACE15E900C9FB38 /* pendienteCell.h */,
				B9D998211ACE15E900C9FB38 /* pendienteCell.m */,
			);
			name = Pendientes;
			sourceTree = "<group>";
		};
		B9D8AFC31ACA4C34005AEF76 /* Lugares */ = {
			isa = PBXGroup;
			children = (
				B9D8AFCB1ACA60B3005AEF76 /* Lugares.h */,
				B9D8AFCC1ACA60B3005AEF76 /* Lugares.m */,
				B9D9981D1ACDFF8C00C9FB38 /* celdaLugar.h */,
				B9D9981E1ACDFF8C00C9FB38 /* celdaLugar.m */,
			);
			name = Lugares;
			sourceTree = "<group>";
		};
		B9D8AFC71ACA5108005AEF76 /* Registrar */ = {
			isa = PBXGroup;
			children = (
				B9D8AFC81ACA5124005AEF76 /* Registrar.h */,
				B9D8AFC91ACA5124005AEF76 /* Registrar.m */,
			);
			name = Registrar;
			sourceTree = "<group>";
		};
/* End PBXGroup section */

/* Begin PBXNativeTarget section */
		B99F17DB1AC8C21500AD0B2A /* SmartBuyer */ = {
			isa = PBXNativeTarget;
			buildConfigurationList = B99F17FF1AC8C21500AD0B2A /* Build configuration list for PBXNativeTarget "SmartBuyer" */;
			buildPhases = (
				B99F17D81AC8C21500AD0B2A /* Sources */,
				B99F17D91AC8C21500AD0B2A /* Frameworks */,
				B99F17DA1AC8C21500AD0B2A /* Resources */,
			);
			buildRules = (
			);
			dependencies = (
			);
			name = SmartBuyer;
			productName = SmartBuyer;
			productReference = B99F17DC1AC8C21500AD0B2A /* SmartBuyer.app */;
			productType = "com.apple.product-type.application";
		};
		B99F17F41AC8C21500AD0B2A /* SmartBuyerTests */ = {
			isa = PBXNativeTarget;
			buildConfigurationList = B99F18021AC8C21500AD0B2A /* Build configuration list for PBXNativeTarget "SmartBuyerTests" */;
			buildPhases = (
				B99F17F11AC8C21500AD0B2A /* Sources */,
				B99F17F21AC8C21500AD0B2A /* Frameworks */,
				B99F17F31AC8C21500AD0B2A /* Resources */,
			);
			buildRules = (
			);
			dependencies = (
				B99F17F71AC8C21500AD0B2A /* PBXTargetDependency */,
			);
			name = SmartBuyerTests;
			productName = SmartBuyerTests;
			productReference = B99F17F51AC8C21500AD0B2A /* SmartBuyerTests.xctest */;
			productType = "com.apple.product-type.bundle.unit-test";
		};
/* End PBXNativeTarget section */

/* Begin PBXProject section */
		B99F17D41AC8C21500AD0B2A /* Project object */ = {
			isa = PBXProject;
			attributes = {
				LastUpgradeCheck = 0620;
				ORGANIZATIONNAME = "LI Leonel G. Pérez Ramos";
				TargetAttributes = {
					B99F17DB1AC8C21500AD0B2A = {
						CreatedOnToolsVersion = 6.2;
					};
					B99F17F41AC8C21500AD0B2A = {
						CreatedOnToolsVersion = 6.2;
						TestTargetID = B99F17DB1AC8C21500AD0B2A;
					};
				};
			};
			buildConfigurationList = B99F17D71AC8C21500AD0B2A /* Build configuration list for PBXProject "SmartBuyer" */;
			compatibilityVersion = "Xcode 3.2";
			developmentRegion = English;
			hasScannedForEncodings = 0;
			knownRegions = (
				en,
				Base,
			);
			mainGroup = B99F17D31AC8C21500AD0B2A;
			productRefGroup = B99F17DD1AC8C21500AD0B2A /* Products */;
			projectDirPath = "";
			projectRoot = "";
			targets = (
				B99F17DB1AC8C21500AD0B2A /* SmartBuyer */,
				B99F17F41AC8C21500AD0B2A /* SmartBuyerTests */,
			);
		};
/* End PBXProject section */

/* Begin PBXResourcesBuildPhase section */
		B99F17DA1AC8C21500AD0B2A /* Resources */ = {
			isa = PBXResourcesBuildPhase;
			buildActionMask = 2147483647;
			files = (
				B905E5041ACB7B100067240E /* pendientes.png in Resources */,
				B99F18131AC8C45F00AD0B2A /* sesionfacebook.png in Resources */,
				B99F180F1AC8C45F00AD0B2A /* coin.png in Resources */,
				B9D8AFBE1ACA3A32005AEF76 /* menuicon.png in Resources */,
				B99F18121AC8C45F00AD0B2A /* presupuesto.jpg in Resources */,
				B99F18101AC8C45F00AD0B2A /* launch.jpg in Resources */,
				B9D9981C1ACDB1AE00C9FB38 /* appicon.png in Resources */,
				B99F17EB1AC8C21500AD0B2A /* Main.storyboard in Resources */,
				B905E5221ACBB6610067240E /* greenbackground.jpg in Resources */,
				B99F18111AC8C45F00AD0B2A /* piechart.png in Resources */,
				B905E4FC1ACB78F30067240E /* loggin.png in Resources */,
				B90CAC091ACD9DC400E45127 /* Media.xcassets in Resources */,
				B9D9981A1ACDAE9B00C9FB38 /* logo.png in Resources */,
				B922C70D1ACCD8A4009B1962 /* close.png in Resources */,
				B905E5121ACB9AAC0067240E /* add.png in Resources */,
				B905E5051ACB7B100067240E /* places.png in Resources */,
				B905E5081ACB7BBE0067240E /* greencoin.png in Resources */,
				B99F17F01AC8C21500AD0B2A /* LaunchScreen.xib in Resources */,
				B99F17ED1AC8C21500AD0B2A /* Images.xcassets in Resources */,
				B905E4FE1ACB7A030067240E /* budget.png in Resources */,
				B905E5031ACB7B100067240E /* behavior.png in Resources */,
				B905E5061ACB7B100067240E /* spends.png in Resources */,
			);
			runOnlyForDeploymentPostprocessing = 0;
		};
		B99F17F31AC8C21500AD0B2A /* Resources */ = {
			isa = PBXResourcesBuildPhase;
			buildActionMask = 2147483647;
			files = (
			);
			runOnlyForDeploymentPostprocessing = 0;
		};
/* End PBXResourcesBuildPhase section */

/* Begin PBXSourcesBuildPhase section */
		B99F17D81AC8C21500AD0B2A /* Sources */ = {
			isa = PBXSourcesBuildPhase;
			buildActionMask = 2147483647;
			files = (
				B998BE691AC8D4D0000CD1C6 /* Presupuesto.m in Sources */,
				B998BE701AC8E331000CD1C6 /* MenuViewController.m in Sources */,
				B905E5161ACB9DF70067240E /* RegistraLugar.m in Sources */,
				B99F17E81AC8C21500AD0B2A /* Login.m in Sources */,
				B99F17E51AC8C21500AD0B2A /* AppDelegate.m in Sources */,
				B9D8AFCA1ACA5124005AEF76 /* Registrar.m in Sources */,
				B905E51A1ACBAB900067240E /* EditarGasto.m in Sources */,
				B9D8AFCD1ACA60B3005AEF76 /* Lugares.m in Sources */,
				B922C7331ACD0FB4009B1962 /* celdaMaster.m in Sources */,
				B905E51E1ACBAD140067240E /* DetalleGasto.m in Sources */,
				B998BE741AC8E488000CD1C6 /* Comportamiento.m in Sources */,
				B9D998221ACE15E900C9FB38 /* pendienteCell.m in Sources */,
				B9D9981F1ACDFF8C00C9FB38 /* celdaLugar.m in Sources */,
				B99F17E21AC8C21500AD0B2A /* main.m in Sources */,
				B905E5101ACB873C0067240E /* Historial.m in Sources */,
				B9D8AFC21ACA3F7E005AEF76 /* Pendientes.m in Sources */,
				B99F18081AC8C3B700AD0B2A /* SWRevealViewController.m in Sources */,
			);
			runOnlyForDeploymentPostprocessing = 0;
		};
		B99F17F11AC8C21500AD0B2A /* Sources */ = {
			isa = PBXSourcesBuildPhase;
			buildActionMask = 2147483647;
			files = (
				B99F17FC1AC8C21500AD0B2A /* SmartBuyerTests.m in Sources */,
			);
			runOnlyForDeploymentPostprocessing = 0;
		};
/* End PBXSourcesBuildPhase section */

/* Begin PBXTargetDependency section */
		B99F17F71AC8C21500AD0B2A /* PBXTargetDependency */ = {
			isa = PBXTargetDependency;
			target = B99F17DB1AC8C21500AD0B2A /* SmartBuyer */;
			targetProxy = B99F17F61AC8C21500AD0B2A /* PBXContainerItemProxy */;
		};
/* End PBXTargetDependency section */

/* Begin PBXVariantGroup section */
		B99F17E91AC8C21500AD0B2A /* Main.storyboard */ = {
			isa = PBXVariantGroup;
			children = (
				B99F17EA1AC8C21500AD0B2A /* Base */,
			);
			name = Main.storyboard;
			sourceTree = "<group>";
		};
		B99F17EE1AC8C21500AD0B2A /* LaunchScreen.xib */ = {
			isa = PBXVariantGroup;
			children = (
				B99F17EF1AC8C21500AD0B2A /* Base */,
			);
			name = LaunchScreen.xib;
			sourceTree = "<group>";
		};
/* End PBXVariantGroup section */

/* Begin XCBuildConfiguration section */
		B99F17FD1AC8C21500AD0B2A /* Debug */ = {
			isa = XCBuildConfiguration;
			buildSettings = {
				ALWAYS_SEARCH_USER_PATHS = NO;
				CLANG_CXX_LANGUAGE_STANDARD = "gnu++0x";
				CLANG_CXX_LIBRARY = "libc++";
				CLANG_ENABLE_MODULES = YES;
				CLANG_ENABLE_OBJC_ARC = YES;
				CLANG_WARN_BOOL_CONVERSION = YES;
				CLANG_WARN_CONSTANT_CONVERSION = YES;
				CLANG_WARN_DIRECT_OBJC_ISA_USAGE = YES_ERROR;
				CLANG_WARN_EMPTY_BODY = YES;
				CLANG_WARN_ENUM_CONVERSION = YES;
				CLANG_WARN_INT_CONVERSION = YES;
				CLANG_WARN_OBJC_ROOT_CLASS = YES_ERROR;
				CLANG_WARN_UNREACHABLE_CODE = YES;
				CLANG_WARN__DUPLICATE_METHOD_MATCH = YES;
				"CODE_SIGN_IDENTITY[sdk=iphoneos*]" = "iPhone Developer";
				COPY_PHASE_STRIP = NO;
				ENABLE_STRICT_OBJC_MSGSEND = YES;
				GCC_C_LANGUAGE_STANDARD = gnu99;
				GCC_DYNAMIC_NO_PIC = NO;
				GCC_OPTIMIZATION_LEVEL = 0;
				GCC_PREPROCESSOR_DEFINITIONS = (
					"DEBUG=1",
					"$(inherited)",
				);
				GCC_SYMBOLS_PRIVATE_EXTERN = NO;
				GCC_WARN_64_TO_32_BIT_CONVERSION = YES;
				GCC_WARN_ABOUT_RETURN_TYPE = YES_ERROR;
				GCC_WARN_UNDECLARED_SELECTOR = YES;
				GCC_WARN_UNINITIALIZED_AUTOS = YES_AGGRESSIVE;
				GCC_WARN_UNUSED_FUNCTION = YES;
				GCC_WARN_UNUSED_VARIABLE = YES;
				IPHONEOS_DEPLOYMENT_TARGET = 8.2;
				MTL_ENABLE_DEBUG_INFO = YES;
				ONLY_ACTIVE_ARCH = YES;
				SDKROOT = iphoneos;
			};
			name = Debug;
		};
		B99F17FE1AC8C21500AD0B2A /* Release */ = {
			isa = XCBuildConfiguration;
			buildSettings = {
				ALWAYS_SEARCH_USER_PATHS = NO;
				CLANG_CXX_LANGUAGE_STANDARD = "gnu++0x";
				CLANG_CXX_LIBRARY = "libc++";
				CLANG_ENABLE_MODULES = YES;
				CLANG_ENABLE_OBJC_ARC = YES;
				CLANG_WARN_BOOL_CONVERSION = YES;
				CLANG_WARN_CONSTANT_CONVERSION = YES;
				CLANG_WARN_DIRECT_OBJC_ISA_USAGE = YES_ERROR;
				CLANG_WARN_EMPTY_BODY = YES;
				CLANG_WARN_ENUM_CONVERSION = YES;
				CLANG_WARN_INT_CONVERSION = YES;
				CLANG_WARN_OBJC_ROOT_CLASS = YES_ERROR;
				CLANG_WARN_UNREACHABLE_CODE = YES;
				CLANG_WARN__DUPLICATE_METHOD_MATCH = YES;
				"CODE_SIGN_IDENTITY[sdk=iphoneos*]" = "iPhone Developer";
				COPY_PHASE_STRIP = NO;
				ENABLE_NS_ASSERTIONS = NO;
				ENABLE_STRICT_OBJC_MSGSEND = YES;
				GCC_C_LANGUAGE_STANDARD = gnu99;
				GCC_WARN_64_TO_32_BIT_CONVERSION = YES;
				GCC_WARN_ABOUT_RETURN_TYPE = YES_ERROR;
				GCC_WARN_UNDECLARED_SELECTOR = YES;
				GCC_WARN_UNINITIALIZED_AUTOS = YES_AGGRESSIVE;
				GCC_WARN_UNUSED_FUNCTION = YES;
				GCC_WARN_UNUSED_VARIABLE = YES;
				IPHONEOS_DEPLOYMENT_TARGET = 8.2;
				MTL_ENABLE_DEBUG_INFO = NO;
				SDKROOT = iphoneos;
				VALIDATE_PRODUCT = YES;
			};
			name = Release;
		};
		B99F18001AC8C21500AD0B2A /* Debug */ = {
			isa = XCBuildConfiguration;
			buildSettings = {
				ASSETCATALOG_COMPILER_APPICON_NAME = AppIcon;
				FRAMEWORK_SEARCH_PATHS = (
					"$(inherited)",
					"$(PROJECT_DIR)/SmartBuyer",
				);
				INFOPLIST_FILE = SmartBuyer/Info.plist;
				LD_RUNPATH_SEARCH_PATHS = "$(inherited) @executable_path/Frameworks";
				PRODUCT_NAME = "$(TARGET_NAME)";
			};
			name = Debug;
		};
		B99F18011AC8C21500AD0B2A /* Release */ = {
			isa = XCBuildConfiguration;
			buildSettings = {
				ASSETCATALOG_COMPILER_APPICON_NAME = AppIcon;
				FRAMEWORK_SEARCH_PATHS = (
					"$(inherited)",
					"$(PROJECT_DIR)/SmartBuyer",
				);
				INFOPLIST_FILE = SmartBuyer/Info.plist;
				LD_RUNPATH_SEARCH_PATHS = "$(inherited) @executable_path/Frameworks";
				PRODUCT_NAME = "$(TARGET_NAME)";
			};
			name = Release;
		};
		B99F18031AC8C21500AD0B2A /* Debug */ = {
			isa = XCBuildConfiguration;
			buildSettings = {
				BUNDLE_LOADER = "$(TEST_HOST)";
				FRAMEWORK_SEARCH_PATHS = (
					"$(SDKROOT)/Developer/Library/Frameworks",
					"$(inherited)",
				);
				GCC_PREPROCESSOR_DEFINITIONS = (
					"DEBUG=1",
					"$(inherited)",
				);
				INFOPLIST_FILE = SmartBuyerTests/Info.plist;
				LD_RUNPATH_SEARCH_PATHS = "$(inherited) @executable_path/Frameworks @loader_path/Frameworks";
				PRODUCT_NAME = "$(TARGET_NAME)";
				TEST_HOST = "$(BUILT_PRODUCTS_DIR)/SmartBuyer.app/SmartBuyer";
			};
			name = Debug;
		};
		B99F18041AC8C21500AD0B2A /* Release */ = {
			isa = XCBuildConfiguration;
			buildSettings = {
				BUNDLE_LOADER = "$(TEST_HOST)";
				FRAMEWORK_SEARCH_PATHS = (
					"$(SDKROOT)/Developer/Library/Frameworks",
					"$(inherited)",
				);
				INFOPLIST_FILE = SmartBuyerTests/Info.plist;
				LD_RUNPATH_SEARCH_PATHS = "$(inherited) @executable_path/Frameworks @loader_path/Frameworks";
				PRODUCT_NAME = "$(TARGET_NAME)";
				TEST_HOST = "$(BUILT_PRODUCTS_DIR)/SmartBuyer.app/SmartBuyer";
			};
			name = Release;
		};
/* End XCBuildConfiguration section */

/* Begin XCConfigurationList section */
		B99F17D71AC8C21500AD0B2A /* Build configuration list for PBXProject "SmartBuyer" */ = {
			isa = XCConfigurationList;
			buildConfigurations = (
				B99F17FD1AC8C21500AD0B2A /* Debug */,
				B99F17FE1AC8C21500AD0B2A /* Release */,
			);
			defaultConfigurationIsVisible = 0;
			defaultConfigurationName = Release;
		};
		B99F17FF1AC8C21500AD0B2A /* Build configuration list for PBXNativeTarget "SmartBuyer" */ = {
			isa = XCConfigurationList;
			buildConfigurations = (
				B99F18001AC8C21500AD0B2A /* Debug */,
				B99F18011AC8C21500AD0B2A /* Release */,
			);
			defaultConfigurationIsVisible = 0;
			defaultConfigurationName = Release;
		};
		B99F18021AC8C21500AD0B2A /* Build configuration list for PBXNativeTarget "SmartBuyerTests" */ = {
			isa = XCConfigurationList;
			buildConfigurations = (
				B99F18031AC8C21500AD0B2A /* Debug */,
				B99F18041AC8C21500AD0B2A /* Release */,
			);
			defaultConfigurationIsVisible = 0;
			defaultConfigurationName = Release;
		};
/* End XCConfigurationList section */
	};
	rootObject = B99F17D41AC8C21500AD0B2A /* Project object */;
}
